// !$*UTF8*$!
{
	archiveVersion = 1;
	classes = {
	};
	objectVersion = 56;
	objects = {

/* Begin PBXBuildFile section */
		CC9358E92C70848A00AFAC26 /* SortButton.swift in Sources */ = {isa = PBXBuildFile; fileRef = CC9358E82C70848A00AFAC26 /* SortButton.swift */; };
		CC9358EB2C70D25E00AFAC26 /* SortButtonsStackView.swift in Sources */ = {isa = PBXBuildFile; fileRef = CC9358EA2C70D25E00AFAC26 /* SortButtonsStackView.swift */; };
		CCAF5FF52C6CE01100219873 /* AppDelegate.swift in Sources */ = {isa = PBXBuildFile; fileRef = CCAF5FF42C6CE01100219873 /* AppDelegate.swift */; };
		CCAF5FF72C6CE01100219873 /* SceneDelegate.swift in Sources */ = {isa = PBXBuildFile; fileRef = CCAF5FF62C6CE01100219873 /* SceneDelegate.swift */; };
		CCAF5FFE2C6CE01200219873 /* Assets.xcassets in Resources */ = {isa = PBXBuildFile; fileRef = CCAF5FFD2C6CE01200219873 /* Assets.xcassets */; };
		CCAF60012C6CE01200219873 /* Base in Resources */ = {isa = PBXBuildFile; fileRef = CCAF60002C6CE01200219873 /* Base */; };
		CCAF600A2C6CE13100219873 /* GooglePlaces in Frameworks */ = {isa = PBXBuildFile; productRef = CCAF60092C6CE13100219873 /* GooglePlaces */; };
		CCAF60102C6CE24800219873 /* Moya in Frameworks */ = {isa = PBXBuildFile; productRef = CCAF600F2C6CE24800219873 /* Moya */; };
		CCAF60122C6CE24800219873 /* RxMoya in Frameworks */ = {isa = PBXBuildFile; productRef = CCAF60112C6CE24800219873 /* RxMoya */; };
		CCAF60152C6CE26D00219873 /* RxCocoa in Frameworks */ = {isa = PBXBuildFile; productRef = CCAF60142C6CE26D00219873 /* RxCocoa */; };
		CCAF60182C6CE28300219873 /* Kingfisher in Frameworks */ = {isa = PBXBuildFile; productRef = CCAF60172C6CE28300219873 /* Kingfisher */; };
		CCAF601B2C6CE2A300219873 /* SnapKit in Frameworks */ = {isa = PBXBuildFile; productRef = CCAF601A2C6CE2A300219873 /* SnapKit */; };
		CCAF601E2C6CE2F300219873 /* Then in Frameworks */ = {isa = PBXBuildFile; productRef = CCAF601D2C6CE2F300219873 /* Then */; };
		CCAF60202C6CE7ED00219873 /* API.swift in Sources */ = {isa = PBXBuildFile; fileRef = CCAF601F2C6CE7ED00219873 /* API.swift */; };
		CCAF60282C6CFECC00219873 /* NMapsMap in Frameworks */ = {isa = PBXBuildFile; productRef = CCAF60272C6CFECC00219873 /* NMapsMap */; settings = {ATTRIBUTES = (Required, ); }; };
		CCAF602B2C6DD10800219873 /* BaseViewController.swift in Sources */ = {isa = PBXBuildFile; fileRef = CCAF602A2C6DD10800219873 /* BaseViewController.swift */; };
		CCAF602E2C6DD49700219873 /* RxGesture in Frameworks */ = {isa = PBXBuildFile; productRef = CCAF602D2C6DD49700219873 /* RxGesture */; };
		CCAF60312C6DD74C00219873 /* BaseView.swift in Sources */ = {isa = PBXBuildFile; fileRef = CCAF60302C6DD74C00219873 /* BaseView.swift */; };
		CCAF60332C6DD77E00219873 /* BaseCollectionViewCell.swift in Sources */ = {isa = PBXBuildFile; fileRef = CCAF60322C6DD77E00219873 /* BaseCollectionViewCell.swift */; };
		CCAF60372C6DD7EC00219873 /* TabBarController.swift in Sources */ = {isa = PBXBuildFile; fileRef = CCAF60362C6DD7EC00219873 /* TabBarController.swift */; };
		CCAF60392C6DD83000219873 /* NavigationController.swift in Sources */ = {isa = PBXBuildFile; fileRef = CCAF60382C6DD83000219873 /* NavigationController.swift */; };
		CCAF603C2C6DDB2500219873 /* UIImage+Extension.swift in Sources */ = {isa = PBXBuildFile; fileRef = CCAF603B2C6DDB2500219873 /* UIImage+Extension.swift */; };
		CCAF60412C6DE0DD00219873 /* ClimbingGymSearchViewController.swift in Sources */ = {isa = PBXBuildFile; fileRef = CCAF60402C6DE0DD00219873 /* ClimbingGymSearchViewController.swift */; };
		CCAF60432C6DE10A00219873 /* ClimbingGymSearchRootView.swift in Sources */ = {isa = PBXBuildFile; fileRef = CCAF60422C6DE10A00219873 /* ClimbingGymSearchRootView.swift */; };
		CCAF60462C6DF67E00219873 /* LocationButton.swift in Sources */ = {isa = PBXBuildFile; fileRef = CCAF60452C6DF67E00219873 /* LocationButton.swift */; };
		CCAF60482C6DF8AE00219873 /* BaseButton.swift in Sources */ = {isa = PBXBuildFile; fileRef = CCAF60472C6DF8AE00219873 /* BaseButton.swift */; };
		CCAF604A2C6E15CD00219873 /* ClimbingGymCardView.swift in Sources */ = {isa = PBXBuildFile; fileRef = CCAF60492C6E15CD00219873 /* ClimbingGymCardView.swift */; };
		CCAF604D2C6E190400219873 /* Cosmos in Frameworks */ = {isa = PBXBuildFile; productRef = CCAF604C2C6E190400219873 /* Cosmos */; };
		CCAF604F2C6E1B8100219873 /* BaseStackView.swift in Sources */ = {isa = PBXBuildFile; fileRef = CCAF604E2C6E1B8100219873 /* BaseStackView.swift */; };
		CCAF60512C6E1F2900219873 /* ClimbingGymCollectionViewCell.swift in Sources */ = {isa = PBXBuildFile; fileRef = CCAF60502C6E1F2900219873 /* ClimbingGymCollectionViewCell.swift */; };
		CCAF60552C6E1FFB00219873 /* NSObject+Extension.swift in Sources */ = {isa = PBXBuildFile; fileRef = CCAF60542C6E1FFB00219873 /* NSObject+Extension.swift */; };
		CCAF60582C6E2F2000219873 /* ClimbingGymSearchViewModel.swift in Sources */ = {isa = PBXBuildFile; fileRef = CCAF60572C6E2F2000219873 /* ClimbingGymSearchViewModel.swift */; };
		CCAF605B2C6E2F7200219873 /* ViewModelType.swift in Sources */ = {isa = PBXBuildFile; fileRef = CCAF605A2C6E2F7200219873 /* ViewModelType.swift */; };
		CCAF605F2C6F292300219873 /* ClimbingGym.swift in Sources */ = {isa = PBXBuildFile; fileRef = CCAF605E2C6F292300219873 /* ClimbingGym.swift */; };
		CCAF60652C6F32BC00219873 /* ClimbingGymRepository.swift in Sources */ = {isa = PBXBuildFile; fileRef = CCAF60642C6F32BC00219873 /* ClimbingGymRepository.swift */; };
		CCAF60672C6F365200219873 /* DefaultClimbingGymRepository.swift in Sources */ = {isa = PBXBuildFile; fileRef = CCAF60662C6F365200219873 /* DefaultClimbingGymRepository.swift */; };
		CCAF60692C6F397800219873 /* SearchClimbingGymUseCase.swift in Sources */ = {isa = PBXBuildFile; fileRef = CCAF60682C6F397800219873 /* SearchClimbingGymUseCase.swift */; };
		CCAF606C2C6F4C0B00219873 /* DateFormatManger.swift in Sources */ = {isa = PBXBuildFile; fileRef = CCAF606B2C6F4C0B00219873 /* DateFormatManger.swift */; };
		CCAF606E2C6F60E500219873 /* ClimbingGymItem.swift in Sources */ = {isa = PBXBuildFile; fileRef = CCAF606D2C6F60E500219873 /* ClimbingGymItem.swift */; };
		CCAF60772C7078DE00219873 /* RxCoreLocation in Frameworks */ = {isa = PBXBuildFile; productRef = CCAF60762C7078DE00219873 /* RxCoreLocation */; };
		CCCD14492C72598D0037D8D5 /* ClimbingGymDetailViewModel.swift in Sources */ = {isa = PBXBuildFile; fileRef = CCCD14482C72598C0037D8D5 /* ClimbingGymDetailViewModel.swift */; };
		CCCD144B2C725B600037D8D5 /* DetailContentView.swift in Sources */ = {isa = PBXBuildFile; fileRef = CCCD144A2C725B600037D8D5 /* DetailContentView.swift */; };
		CCCD144D2C725B8F0037D8D5 /* ContactOptionStackView.swift in Sources */ = {isa = PBXBuildFile; fileRef = CCCD144C2C725B8F0037D8D5 /* ContactOptionStackView.swift */; };
		CCCD144F2C725BB60037D8D5 /* LocationInfoView.swift in Sources */ = {isa = PBXBuildFile; fileRef = CCCD144E2C725BB60037D8D5 /* LocationInfoView.swift */; };
		CCDEB2B42C71C924004B94F3 /* LocationServiceManager.swift in Sources */ = {isa = PBXBuildFile; fileRef = CCDEB2B32C71C924004B94F3 /* LocationServiceManager.swift */; };
		CCDEB2B62C7207AC004B94F3 /* CLLocationCoordinate2D+Extension.swift in Sources */ = {isa = PBXBuildFile; fileRef = CCDEB2B52C7207AC004B94F3 /* CLLocationCoordinate2D+Extension.swift */; };
		CCDEB2B82C723A69004B94F3 /* UIAlertController+Extesion.swift in Sources */ = {isa = PBXBuildFile; fileRef = CCDEB2B72C723A69004B94F3 /* UIAlertController+Extesion.swift */; };
		CCDEB2BC2C723F35004B94F3 /* ClimbingGymDetailRootView.swift in Sources */ = {isa = PBXBuildFile; fileRef = CCDEB2BB2C723F35004B94F3 /* ClimbingGymDetailRootView.swift */; };
		CCDEB2BE2C72512D004B94F3 /* ClimbingGymDetailViewController.swift in Sources */ = {isa = PBXBuildFile; fileRef = CCDEB2BD2C72512D004B94F3 /* ClimbingGymDetailViewController.swift */; };
/* End PBXBuildFile section */

/* Begin PBXFileReference section */
		CC9358E82C70848A00AFAC26 /* SortButton.swift */ = {isa = PBXFileReference; lastKnownFileType = sourcecode.swift; path = SortButton.swift; sourceTree = "<group>"; };
		CC9358EA2C70D25E00AFAC26 /* SortButtonsStackView.swift */ = {isa = PBXFileReference; lastKnownFileType = sourcecode.swift; path = SortButtonsStackView.swift; sourceTree = "<group>"; };
		CCAF5FF12C6CE01100219873 /* Clchin.app */ = {isa = PBXFileReference; explicitFileType = wrapper.application; includeInIndex = 0; path = Clchin.app; sourceTree = BUILT_PRODUCTS_DIR; };
		CCAF5FF42C6CE01100219873 /* AppDelegate.swift */ = {isa = PBXFileReference; lastKnownFileType = sourcecode.swift; path = AppDelegate.swift; sourceTree = "<group>"; };
		CCAF5FF62C6CE01100219873 /* SceneDelegate.swift */ = {isa = PBXFileReference; lastKnownFileType = sourcecode.swift; path = SceneDelegate.swift; sourceTree = "<group>"; };
		CCAF5FFD2C6CE01200219873 /* Assets.xcassets */ = {isa = PBXFileReference; lastKnownFileType = folder.assetcatalog; path = Assets.xcassets; sourceTree = "<group>"; };
		CCAF60002C6CE01200219873 /* Base */ = {isa = PBXFileReference; lastKnownFileType = file.storyboard; name = Base; path = Base.lproj/LaunchScreen.storyboard; sourceTree = "<group>"; };
		CCAF60022C6CE01200219873 /* Info.plist */ = {isa = PBXFileReference; lastKnownFileType = text.plist.xml; path = Info.plist; sourceTree = "<group>"; };
		CCAF601F2C6CE7ED00219873 /* API.swift */ = {isa = PBXFileReference; lastKnownFileType = sourcecode.swift; path = API.swift; sourceTree = "<group>"; };
		CCAF602A2C6DD10800219873 /* BaseViewController.swift */ = {isa = PBXFileReference; lastKnownFileType = sourcecode.swift; path = BaseViewController.swift; sourceTree = "<group>"; };
		CCAF60302C6DD74C00219873 /* BaseView.swift */ = {isa = PBXFileReference; lastKnownFileType = sourcecode.swift; path = BaseView.swift; sourceTree = "<group>"; };
		CCAF60322C6DD77E00219873 /* BaseCollectionViewCell.swift */ = {isa = PBXFileReference; lastKnownFileType = sourcecode.swift; path = BaseCollectionViewCell.swift; sourceTree = "<group>"; };
		CCAF60362C6DD7EC00219873 /* TabBarController.swift */ = {isa = PBXFileReference; lastKnownFileType = sourcecode.swift; path = TabBarController.swift; sourceTree = "<group>"; };
		CCAF60382C6DD83000219873 /* NavigationController.swift */ = {isa = PBXFileReference; lastKnownFileType = sourcecode.swift; path = NavigationController.swift; sourceTree = "<group>"; };
		CCAF603B2C6DDB2500219873 /* UIImage+Extension.swift */ = {isa = PBXFileReference; lastKnownFileType = sourcecode.swift; path = "UIImage+Extension.swift"; sourceTree = "<group>"; };
		CCAF60402C6DE0DD00219873 /* ClimbingGymSearchViewController.swift */ = {isa = PBXFileReference; lastKnownFileType = sourcecode.swift; path = ClimbingGymSearchViewController.swift; sourceTree = "<group>"; };
		CCAF60422C6DE10A00219873 /* ClimbingGymSearchRootView.swift */ = {isa = PBXFileReference; lastKnownFileType = sourcecode.swift; path = ClimbingGymSearchRootView.swift; sourceTree = "<group>"; };
		CCAF60452C6DF67E00219873 /* LocationButton.swift */ = {isa = PBXFileReference; lastKnownFileType = sourcecode.swift; path = LocationButton.swift; sourceTree = "<group>"; };
		CCAF60472C6DF8AE00219873 /* BaseButton.swift */ = {isa = PBXFileReference; lastKnownFileType = sourcecode.swift; path = BaseButton.swift; sourceTree = "<group>"; };
		CCAF60492C6E15CD00219873 /* ClimbingGymCardView.swift */ = {isa = PBXFileReference; lastKnownFileType = sourcecode.swift; path = ClimbingGymCardView.swift; sourceTree = "<group>"; };
		CCAF604E2C6E1B8100219873 /* BaseStackView.swift */ = {isa = PBXFileReference; lastKnownFileType = sourcecode.swift; path = BaseStackView.swift; sourceTree = "<group>"; };
		CCAF60502C6E1F2900219873 /* ClimbingGymCollectionViewCell.swift */ = {isa = PBXFileReference; lastKnownFileType = sourcecode.swift; path = ClimbingGymCollectionViewCell.swift; sourceTree = "<group>"; };
		CCAF60542C6E1FFB00219873 /* NSObject+Extension.swift */ = {isa = PBXFileReference; lastKnownFileType = sourcecode.swift; path = "NSObject+Extension.swift"; sourceTree = "<group>"; };
		CCAF60572C6E2F2000219873 /* ClimbingGymSearchViewModel.swift */ = {isa = PBXFileReference; lastKnownFileType = sourcecode.swift; path = ClimbingGymSearchViewModel.swift; sourceTree = "<group>"; };
		CCAF605A2C6E2F7200219873 /* ViewModelType.swift */ = {isa = PBXFileReference; lastKnownFileType = sourcecode.swift; path = ViewModelType.swift; sourceTree = "<group>"; };
		CCAF605E2C6F292300219873 /* ClimbingGym.swift */ = {isa = PBXFileReference; lastKnownFileType = sourcecode.swift; path = ClimbingGym.swift; sourceTree = "<group>"; };
		CCAF60642C6F32BC00219873 /* ClimbingGymRepository.swift */ = {isa = PBXFileReference; lastKnownFileType = sourcecode.swift; path = ClimbingGymRepository.swift; sourceTree = "<group>"; };
		CCAF60662C6F365200219873 /* DefaultClimbingGymRepository.swift */ = {isa = PBXFileReference; lastKnownFileType = sourcecode.swift; path = DefaultClimbingGymRepository.swift; sourceTree = "<group>"; };
		CCAF60682C6F397800219873 /* SearchClimbingGymUseCase.swift */ = {isa = PBXFileReference; lastKnownFileType = sourcecode.swift; path = SearchClimbingGymUseCase.swift; sourceTree = "<group>"; };
		CCAF606B2C6F4C0B00219873 /* DateFormatManger.swift */ = {isa = PBXFileReference; lastKnownFileType = sourcecode.swift; path = DateFormatManger.swift; sourceTree = "<group>"; };
		CCAF606D2C6F60E500219873 /* ClimbingGymItem.swift */ = {isa = PBXFileReference; lastKnownFileType = sourcecode.swift; path = ClimbingGymItem.swift; sourceTree = "<group>"; };
		CCCD14482C72598C0037D8D5 /* ClimbingGymDetailViewModel.swift */ = {isa = PBXFileReference; lastKnownFileType = sourcecode.swift; path = ClimbingGymDetailViewModel.swift; sourceTree = "<group>"; };
		CCCD144A2C725B600037D8D5 /* DetailContentView.swift */ = {isa = PBXFileReference; lastKnownFileType = sourcecode.swift; path = DetailContentView.swift; sourceTree = "<group>"; };
		CCCD144C2C725B8F0037D8D5 /* ContactOptionStackView.swift */ = {isa = PBXFileReference; lastKnownFileType = sourcecode.swift; path = ContactOptionStackView.swift; sourceTree = "<group>"; };
		CCCD144E2C725BB60037D8D5 /* LocationInfoView.swift */ = {isa = PBXFileReference; lastKnownFileType = sourcecode.swift; path = LocationInfoView.swift; sourceTree = "<group>"; };
		CCDEB2B32C71C924004B94F3 /* LocationServiceManager.swift */ = {isa = PBXFileReference; lastKnownFileType = sourcecode.swift; path = LocationServiceManager.swift; sourceTree = "<group>"; };
		CCDEB2B52C7207AC004B94F3 /* CLLocationCoordinate2D+Extension.swift */ = {isa = PBXFileReference; lastKnownFileType = sourcecode.swift; path = "CLLocationCoordinate2D+Extension.swift"; sourceTree = "<group>"; };
		CCDEB2B72C723A69004B94F3 /* UIAlertController+Extesion.swift */ = {isa = PBXFileReference; lastKnownFileType = sourcecode.swift; path = "UIAlertController+Extesion.swift"; sourceTree = "<group>"; };
		CCDEB2BB2C723F35004B94F3 /* ClimbingGymDetailRootView.swift */ = {isa = PBXFileReference; lastKnownFileType = sourcecode.swift; path = ClimbingGymDetailRootView.swift; sourceTree = "<group>"; };
		CCDEB2BD2C72512D004B94F3 /* ClimbingGymDetailViewController.swift */ = {isa = PBXFileReference; lastKnownFileType = sourcecode.swift; path = ClimbingGymDetailViewController.swift; sourceTree = "<group>"; };
/* End PBXFileReference section */

/* Begin PBXFrameworksBuildPhase section */
		CCAF5FEE2C6CE01100219873 /* Frameworks */ = {
			isa = PBXFrameworksBuildPhase;
			buildActionMask = 2147483647;
			files = (
				CCAF60772C7078DE00219873 /* RxCoreLocation in Frameworks */,
				CCAF604D2C6E190400219873 /* Cosmos in Frameworks */,
				CCAF60182C6CE28300219873 /* Kingfisher in Frameworks */,
				CCAF602E2C6DD49700219873 /* RxGesture in Frameworks */,
				CCAF600A2C6CE13100219873 /* GooglePlaces in Frameworks */,
				CCAF601E2C6CE2F300219873 /* Then in Frameworks */,
				CCAF601B2C6CE2A300219873 /* SnapKit in Frameworks */,
				CCAF60152C6CE26D00219873 /* RxCocoa in Frameworks */,
				CCAF60282C6CFECC00219873 /* NMapsMap in Frameworks */,
				CCAF60122C6CE24800219873 /* RxMoya in Frameworks */,
				CCAF60102C6CE24800219873 /* Moya in Frameworks */,
			);
			runOnlyForDeploymentPostprocessing = 0;
		};
/* End PBXFrameworksBuildPhase section */

/* Begin PBXGroup section */
		CCAF5FE82C6CE01100219873 = {
			isa = PBXGroup;
			children = (
				CCAF5FF32C6CE01100219873 /* Clchin */,
				CCAF5FF22C6CE01100219873 /* Products */,
			);
			sourceTree = "<group>";
		};
		CCAF5FF22C6CE01100219873 /* Products */ = {
			isa = PBXGroup;
			children = (
				CCAF5FF12C6CE01100219873 /* Clchin.app */,
			);
			name = Products;
			sourceTree = "<group>";
		};
		CCAF5FF32C6CE01100219873 /* Clchin */ = {
			isa = PBXGroup;
			children = (
				CCAF60212C6CE88200219873 /* Resources */,
				CCAF60222C6CE88A00219873 /* Sources */,
				CCAF60022C6CE01200219873 /* Info.plist */,
				CCAF601F2C6CE7ED00219873 /* API.swift */,
			);
			path = Clchin;
			sourceTree = "<group>";
		};
		CCAF60212C6CE88200219873 /* Resources */ = {
			isa = PBXGroup;
			children = (
				CCAF603A2C6DDB0100219873 /* Common */,
				CCAF5FFF2C6CE01200219873 /* LaunchScreen.storyboard */,
				CCAF5FFD2C6CE01200219873 /* Assets.xcassets */,
			);
			path = Resources;
			sourceTree = "<group>";
		};
		CCAF60222C6CE88A00219873 /* Sources */ = {
			isa = PBXGroup;
			children = (
				CCAF60602C6F31F100219873 /* Data */,
				CCAF605C2C6F173C00219873 /* Domain */,
				CCAF60242C6CE9AD00219873 /* Presenter */,
				CCAF60592C6E2F5C00219873 /* Architectures */,
				CCAF60522C6E1FDE00219873 /* Utils */,
				CCAF60232C6CE8A500219873 /* App */,
			);
			path = Sources;
			sourceTree = "<group>";
		};
		CCAF60232C6CE8A500219873 /* App */ = {
			isa = PBXGroup;
			children = (
				CCAF5FF42C6CE01100219873 /* AppDelegate.swift */,
				CCAF5FF62C6CE01100219873 /* SceneDelegate.swift */,
			);
			path = App;
			sourceTree = "<group>";
		};
		CCAF60242C6CE9AD00219873 /* Presenter */ = {
			isa = PBXGroup;
			children = (
				CCAF603D2C6DDF9300219873 /* Screens */,
				CCAF60342C6DD7C900219873 /* Component */,
				CCAF60292C6DD0FD00219873 /* Base */,
			);
			path = Presenter;
			sourceTree = "<group>";
		};
		CCAF60292C6DD0FD00219873 /* Base */ = {
			isa = PBXGroup;
			children = (
				CCAF602A2C6DD10800219873 /* BaseViewController.swift */,
				CCAF60302C6DD74C00219873 /* BaseView.swift */,
				CCAF60322C6DD77E00219873 /* BaseCollectionViewCell.swift */,
				CCAF60472C6DF8AE00219873 /* BaseButton.swift */,
				CCAF604E2C6E1B8100219873 /* BaseStackView.swift */,
			);
			path = Base;
			sourceTree = "<group>";
		};
		CCAF60342C6DD7C900219873 /* Component */ = {
			isa = PBXGroup;
			children = (
				CCAF60442C6DF64F00219873 /* Buttons */,
				CCAF60352C6DD7D700219873 /* Controllers */,
			);
			path = Component;
			sourceTree = "<group>";
		};
		CCAF60352C6DD7D700219873 /* Controllers */ = {
			isa = PBXGroup;
			children = (
				CCAF60362C6DD7EC00219873 /* TabBarController.swift */,
				CCAF60382C6DD83000219873 /* NavigationController.swift */,
			);
			path = Controllers;
			sourceTree = "<group>";
		};
		CCAF603A2C6DDB0100219873 /* Common */ = {
			isa = PBXGroup;
			children = (
				CCAF603B2C6DDB2500219873 /* UIImage+Extension.swift */,
			);
			path = Common;
			sourceTree = "<group>";
		};
		CCAF603D2C6DDF9300219873 /* Screens */ = {
			isa = PBXGroup;
			children = (
				CCDEB2B92C723F13004B94F3 /* ClimbingGymDetail */,
				CCAF603E2C6DDFCA00219873 /* ClimbingGymSearch */,
			);
			path = Screens;
			sourceTree = "<group>";
		};
		CCAF603E2C6DDFCA00219873 /* ClimbingGymSearch */ = {
			isa = PBXGroup;
			children = (
				CCAF60702C6F61DD00219873 /* PresentationModel */,
				CCAF60562C6E226400219873 /* ViewModel */,
				CCAF603F2C6DE0CE00219873 /* View */,
			);
			path = ClimbingGymSearch;
			sourceTree = "<group>";
		};
		CCAF603F2C6DE0CE00219873 /* View */ = {
			isa = PBXGroup;
			children = (
				CCAF60402C6DE0DD00219873 /* ClimbingGymSearchViewController.swift */,
				CCAF60422C6DE10A00219873 /* ClimbingGymSearchRootView.swift */,
				CC9358EA2C70D25E00AFAC26 /* SortButtonsStackView.swift */,
				CCAF60492C6E15CD00219873 /* ClimbingGymCardView.swift */,
				CCAF60502C6E1F2900219873 /* ClimbingGymCollectionViewCell.swift */,
			);
			path = View;
			sourceTree = "<group>";
		};
		CCAF60442C6DF64F00219873 /* Buttons */ = {
			isa = PBXGroup;
			children = (
				CCAF60452C6DF67E00219873 /* LocationButton.swift */,
				CC9358E82C70848A00AFAC26 /* SortButton.swift */,
			);
			path = Buttons;
			sourceTree = "<group>";
		};
		CCAF60522C6E1FDE00219873 /* Utils */ = {
			isa = PBXGroup;
			children = (
				CCAF606A2C6F4BF400219873 /* Mangers */,
				CCAF60532C6E1FE700219873 /* Extensions */,
			);
			path = Utils;
			sourceTree = "<group>";
		};
		CCAF60532C6E1FE700219873 /* Extensions */ = {
			isa = PBXGroup;
			children = (
				CCAF60542C6E1FFB00219873 /* NSObject+Extension.swift */,
				CCDEB2B52C7207AC004B94F3 /* CLLocationCoordinate2D+Extension.swift */,
				CCDEB2B72C723A69004B94F3 /* UIAlertController+Extesion.swift */,
			);
			path = Extensions;
			sourceTree = "<group>";
		};
		CCAF60562C6E226400219873 /* ViewModel */ = {
			isa = PBXGroup;
			children = (
				CCAF60572C6E2F2000219873 /* ClimbingGymSearchViewModel.swift */,
			);
			path = ViewModel;
			sourceTree = "<group>";
		};
		CCAF60592C6E2F5C00219873 /* Architectures */ = {
			isa = PBXGroup;
			children = (
				CCAF605A2C6E2F7200219873 /* ViewModelType.swift */,
			);
			path = Architectures;
			sourceTree = "<group>";
		};
		CCAF605C2C6F173C00219873 /* Domain */ = {
			isa = PBXGroup;
			children = (
				CCAF60632C6F324D00219873 /* Interfaces */,
				CCAF60622C6F322F00219873 /* UseCases */,
				CCAF605D2C6F28F500219873 /* Entities */,
			);
			path = Domain;
			sourceTree = "<group>";
		};
		CCAF605D2C6F28F500219873 /* Entities */ = {
			isa = PBXGroup;
			children = (
				CCAF605E2C6F292300219873 /* ClimbingGym.swift */,
			);
			path = Entities;
			sourceTree = "<group>";
		};
		CCAF60602C6F31F100219873 /* Data */ = {
			isa = PBXGroup;
			children = (
				CCAF60612C6F320000219873 /* Repositories */,
			);
			path = Data;
			sourceTree = "<group>";
		};
		CCAF60612C6F320000219873 /* Repositories */ = {
			isa = PBXGroup;
			children = (
				CCAF60662C6F365200219873 /* DefaultClimbingGymRepository.swift */,
			);
			path = Repositories;
			sourceTree = "<group>";
		};
		CCAF60622C6F322F00219873 /* UseCases */ = {
			isa = PBXGroup;
			children = (
				CCAF60682C6F397800219873 /* SearchClimbingGymUseCase.swift */,
			);
			path = UseCases;
			sourceTree = "<group>";
		};
		CCAF60632C6F324D00219873 /* Interfaces */ = {
			isa = PBXGroup;
			children = (
				CCAF60642C6F32BC00219873 /* ClimbingGymRepository.swift */,
			);
			path = Interfaces;
			sourceTree = "<group>";
		};
		CCAF606A2C6F4BF400219873 /* Mangers */ = {
			isa = PBXGroup;
			children = (
				CCAF606B2C6F4C0B00219873 /* DateFormatManger.swift */,
				CCDEB2B32C71C924004B94F3 /* LocationServiceManager.swift */,
			);
			path = Mangers;
			sourceTree = "<group>";
		};
		CCAF60702C6F61DD00219873 /* PresentationModel */ = {
			isa = PBXGroup;
			children = (
				CCAF606D2C6F60E500219873 /* ClimbingGymItem.swift */,
			);
			path = PresentationModel;
			sourceTree = "<group>";
		};
		CCCD14472C7259810037D8D5 /* ViewModel */ = {
			isa = PBXGroup;
			children = (
				CCCD14482C72598C0037D8D5 /* ClimbingGymDetailViewModel.swift */,
			);
			path = ViewModel;
			sourceTree = "<group>";
		};
		CCDEB2B92C723F13004B94F3 /* ClimbingGymDetail */ = {
			isa = PBXGroup;
			children = (
				CCCD14472C7259810037D8D5 /* ViewModel */,
				CCDEB2BA2C723F28004B94F3 /* View */,
			);
			path = ClimbingGymDetail;
			sourceTree = "<group>";
		};
		CCDEB2BA2C723F28004B94F3 /* View */ = {
			isa = PBXGroup;
			children = (
				CCDEB2BD2C72512D004B94F3 /* ClimbingGymDetailViewController.swift */,
				CCDEB2BB2C723F35004B94F3 /* ClimbingGymDetailRootView.swift */,
				CCCD144A2C725B600037D8D5 /* DetailContentView.swift */,
				CCCD144C2C725B8F0037D8D5 /* ContactOptionStackView.swift */,
				CCCD144E2C725BB60037D8D5 /* LocationInfoView.swift */,
			);
			path = View;
			sourceTree = "<group>";
		};
/* End PBXGroup section */

/* Begin PBXNativeTarget section */
		CCAF5FF02C6CE01100219873 /* Clchin */ = {
			isa = PBXNativeTarget;
			buildConfigurationList = CCAF60052C6CE01200219873 /* Build configuration list for PBXNativeTarget "Clchin" */;
			buildPhases = (
				CCAF5FED2C6CE01100219873 /* Sources */,
				CCAF5FEE2C6CE01100219873 /* Frameworks */,
				CCAF5FEF2C6CE01100219873 /* Resources */,
			);
			buildRules = (
			);
			dependencies = (
			);
			name = Clchin;
			packageProductDependencies = (
				CCAF60092C6CE13100219873 /* GooglePlaces */,
				CCAF600F2C6CE24800219873 /* Moya */,
				CCAF60112C6CE24800219873 /* RxMoya */,
				CCAF60142C6CE26D00219873 /* RxCocoa */,
				CCAF60172C6CE28300219873 /* Kingfisher */,
				CCAF601A2C6CE2A300219873 /* SnapKit */,
				CCAF601D2C6CE2F300219873 /* Then */,
				CCAF60272C6CFECC00219873 /* NMapsMap */,
				CCAF602D2C6DD49700219873 /* RxGesture */,
				CCAF604C2C6E190400219873 /* Cosmos */,
				CCAF60762C7078DE00219873 /* RxCoreLocation */,
			);
			productName = Clchin;
			productReference = CCAF5FF12C6CE01100219873 /* Clchin.app */;
			productType = "com.apple.product-type.application";
		};
/* End PBXNativeTarget section */

/* Begin PBXProject section */
		CCAF5FE92C6CE01100219873 /* Project object */ = {
			isa = PBXProject;
			attributes = {
				BuildIndependentTargetsInParallel = 1;
				LastSwiftUpdateCheck = 1540;
				LastUpgradeCheck = 1540;
				TargetAttributes = {
					CCAF5FF02C6CE01100219873 = {
						CreatedOnToolsVersion = 15.4;
					};
				};
			};
			buildConfigurationList = CCAF5FEC2C6CE01100219873 /* Build configuration list for PBXProject "Clchin" */;
			compatibilityVersion = "Xcode 14.0";
			developmentRegion = en;
			hasScannedForEncodings = 0;
			knownRegions = (
				en,
				Base,
			);
			mainGroup = CCAF5FE82C6CE01100219873;
			packageReferences = (
				CCAF60082C6CE13100219873 /* XCRemoteSwiftPackageReference "ios-places-sdk" */,
				CCAF600B2C6CE18600219873 /* XCRemoteSwiftPackageReference "NMapsMap-SwiftPM" */,
				CCAF600E2C6CE24800219873 /* XCRemoteSwiftPackageReference "Moya" */,
				CCAF60132C6CE26D00219873 /* XCRemoteSwiftPackageReference "RxSwift" */,
				CCAF60162C6CE28300219873 /* XCRemoteSwiftPackageReference "Kingfisher" */,
				CCAF60192C6CE2A300219873 /* XCRemoteSwiftPackageReference "SnapKit" */,
				CCAF601C2C6CE2F300219873 /* XCRemoteSwiftPackageReference "Then" */,
				CCAF602C2C6DD49700219873 /* XCRemoteSwiftPackageReference "RxGesture" */,
				CCAF604B2C6E190400219873 /* XCRemoteSwiftPackageReference "Cosmos" */,
				CCAF60752C7078DE00219873 /* XCRemoteSwiftPackageReference "RxCoreLocation" */,
			);
			productRefGroup = CCAF5FF22C6CE01100219873 /* Products */;
			projectDirPath = "";
			projectRoot = "";
			targets = (
				CCAF5FF02C6CE01100219873 /* Clchin */,
			);
		};
/* End PBXProject section */

/* Begin PBXResourcesBuildPhase section */
		CCAF5FEF2C6CE01100219873 /* Resources */ = {
			isa = PBXResourcesBuildPhase;
			buildActionMask = 2147483647;
			files = (
				CCAF5FFE2C6CE01200219873 /* Assets.xcassets in Resources */,
				CCAF60012C6CE01200219873 /* Base in Resources */,
			);
			runOnlyForDeploymentPostprocessing = 0;
		};
/* End PBXResourcesBuildPhase section */

/* Begin PBXSourcesBuildPhase section */
		CCAF5FED2C6CE01100219873 /* Sources */ = {
			isa = PBXSourcesBuildPhase;
			buildActionMask = 2147483647;
			files = (
				CCAF60582C6E2F2000219873 /* ClimbingGymSearchViewModel.swift in Sources */,
				CCAF60652C6F32BC00219873 /* ClimbingGymRepository.swift in Sources */,
				CCAF60672C6F365200219873 /* DefaultClimbingGymRepository.swift in Sources */,
				CCAF60482C6DF8AE00219873 /* BaseButton.swift in Sources */,
				CCDEB2BE2C72512D004B94F3 /* ClimbingGymDetailViewController.swift in Sources */,
				CCDEB2B82C723A69004B94F3 /* UIAlertController+Extesion.swift in Sources */,
				CCAF60462C6DF67E00219873 /* LocationButton.swift in Sources */,
				CCAF602B2C6DD10800219873 /* BaseViewController.swift in Sources */,
				CCCD144D2C725B8F0037D8D5 /* ContactOptionStackView.swift in Sources */,
				CCAF60332C6DD77E00219873 /* BaseCollectionViewCell.swift in Sources */,
				CCAF5FF52C6CE01100219873 /* AppDelegate.swift in Sources */,
				CCCD14492C72598D0037D8D5 /* ClimbingGymDetailViewModel.swift in Sources */,
				CCDEB2BC2C723F35004B94F3 /* ClimbingGymDetailRootView.swift in Sources */,
				CCAF606C2C6F4C0B00219873 /* DateFormatManger.swift in Sources */,
				CCCD144B2C725B600037D8D5 /* DetailContentView.swift in Sources */,
				CCAF604A2C6E15CD00219873 /* ClimbingGymCardView.swift in Sources */,
				CCAF603C2C6DDB2500219873 /* UIImage+Extension.swift in Sources */,
				CCAF60202C6CE7ED00219873 /* API.swift in Sources */,
				CCAF60412C6DE0DD00219873 /* ClimbingGymSearchViewController.swift in Sources */,
				CCAF60432C6DE10A00219873 /* ClimbingGymSearchRootView.swift in Sources */,
				CCAF60552C6E1FFB00219873 /* NSObject+Extension.swift in Sources */,
				CC9358E92C70848A00AFAC26 /* SortButton.swift in Sources */,
				CCAF606E2C6F60E500219873 /* ClimbingGymItem.swift in Sources */,
				CCAF60392C6DD83000219873 /* NavigationController.swift in Sources */,
				CCDEB2B62C7207AC004B94F3 /* CLLocationCoordinate2D+Extension.swift in Sources */,
				CCAF60312C6DD74C00219873 /* BaseView.swift in Sources */,
				CCAF604F2C6E1B8100219873 /* BaseStackView.swift in Sources */,
				CC9358EB2C70D25E00AFAC26 /* SortButtonsStackView.swift in Sources */,
				CCAF5FF72C6CE01100219873 /* SceneDelegate.swift in Sources */,
				CCAF605B2C6E2F7200219873 /* ViewModelType.swift in Sources */,
				CCAF60692C6F397800219873 /* SearchClimbingGymUseCase.swift in Sources */,
				CCDEB2B42C71C924004B94F3 /* LocationServiceManager.swift in Sources */,
				CCAF60372C6DD7EC00219873 /* TabBarController.swift in Sources */,
				CCCD144F2C725BB60037D8D5 /* LocationInfoView.swift in Sources */,
				CCAF605F2C6F292300219873 /* ClimbingGym.swift in Sources */,
				CCAF60512C6E1F2900219873 /* ClimbingGymCollectionViewCell.swift in Sources */,
			);
			runOnlyForDeploymentPostprocessing = 0;
		};
/* End PBXSourcesBuildPhase section */

/* Begin PBXVariantGroup section */
		CCAF5FFF2C6CE01200219873 /* LaunchScreen.storyboard */ = {
			isa = PBXVariantGroup;
			children = (
				CCAF60002C6CE01200219873 /* Base */,
			);
			name = LaunchScreen.storyboard;
			sourceTree = "<group>";
		};
/* End PBXVariantGroup section */

/* Begin XCBuildConfiguration section */
		CCAF60032C6CE01200219873 /* Debug */ = {
			isa = XCBuildConfiguration;
			buildSettings = {
				ALWAYS_SEARCH_USER_PATHS = NO;
				ASSETCATALOG_COMPILER_GENERATE_SWIFT_ASSET_SYMBOL_EXTENSIONS = YES;
				CLANG_ANALYZER_NONNULL = YES;
				CLANG_ANALYZER_NUMBER_OBJECT_CONVERSION = YES_AGGRESSIVE;
				CLANG_CXX_LANGUAGE_STANDARD = "gnu++20";
				CLANG_ENABLE_MODULES = YES;
				CLANG_ENABLE_OBJC_ARC = YES;
				CLANG_ENABLE_OBJC_WEAK = YES;
				CLANG_WARN_BLOCK_CAPTURE_AUTORELEASING = YES;
				CLANG_WARN_BOOL_CONVERSION = YES;
				CLANG_WARN_COMMA = YES;
				CLANG_WARN_CONSTANT_CONVERSION = YES;
				CLANG_WARN_DEPRECATED_OBJC_IMPLEMENTATIONS = YES;
				CLANG_WARN_DIRECT_OBJC_ISA_USAGE = YES_ERROR;
				CLANG_WARN_DOCUMENTATION_COMMENTS = YES;
				CLANG_WARN_EMPTY_BODY = YES;
				CLANG_WARN_ENUM_CONVERSION = YES;
				CLANG_WARN_INFINITE_RECURSION = YES;
				CLANG_WARN_INT_CONVERSION = YES;
				CLANG_WARN_NON_LITERAL_NULL_CONVERSION = YES;
				CLANG_WARN_OBJC_IMPLICIT_RETAIN_SELF = YES;
				CLANG_WARN_OBJC_LITERAL_CONVERSION = YES;
				CLANG_WARN_OBJC_ROOT_CLASS = YES_ERROR;
				CLANG_WARN_QUOTED_INCLUDE_IN_FRAMEWORK_HEADER = YES;
				CLANG_WARN_RANGE_LOOP_ANALYSIS = YES;
				CLANG_WARN_STRICT_PROTOTYPES = YES;
				CLANG_WARN_SUSPICIOUS_MOVE = YES;
				CLANG_WARN_UNGUARDED_AVAILABILITY = YES_AGGRESSIVE;
				CLANG_WARN_UNREACHABLE_CODE = YES;
				CLANG_WARN__DUPLICATE_METHOD_MATCH = YES;
				COPY_PHASE_STRIP = NO;
				DEBUG_INFORMATION_FORMAT = dwarf;
				ENABLE_STRICT_OBJC_MSGSEND = YES;
				ENABLE_TESTABILITY = YES;
				ENABLE_USER_SCRIPT_SANDBOXING = YES;
				GCC_C_LANGUAGE_STANDARD = gnu17;
				GCC_DYNAMIC_NO_PIC = NO;
				GCC_NO_COMMON_BLOCKS = YES;
				GCC_OPTIMIZATION_LEVEL = 0;
				GCC_PREPROCESSOR_DEFINITIONS = (
					"DEBUG=1",
					"$(inherited)",
				);
				GCC_WARN_64_TO_32_BIT_CONVERSION = YES;
				GCC_WARN_ABOUT_RETURN_TYPE = YES_ERROR;
				GCC_WARN_UNDECLARED_SELECTOR = YES;
				GCC_WARN_UNINITIALIZED_AUTOS = YES_AGGRESSIVE;
				GCC_WARN_UNUSED_FUNCTION = YES;
				GCC_WARN_UNUSED_VARIABLE = YES;
				IPHONEOS_DEPLOYMENT_TARGET = 15.0;
				LOCALIZATION_PREFERS_STRING_CATALOGS = YES;
				MTL_ENABLE_DEBUG_INFO = INCLUDE_SOURCE;
				MTL_FAST_MATH = YES;
				ONLY_ACTIVE_ARCH = YES;
				SDKROOT = iphoneos;
				SWIFT_ACTIVE_COMPILATION_CONDITIONS = "DEBUG $(inherited)";
				SWIFT_OPTIMIZATION_LEVEL = "-Onone";
			};
			name = Debug;
		};
		CCAF60042C6CE01200219873 /* Release */ = {
			isa = XCBuildConfiguration;
			buildSettings = {
				ALWAYS_SEARCH_USER_PATHS = NO;
				ASSETCATALOG_COMPILER_GENERATE_SWIFT_ASSET_SYMBOL_EXTENSIONS = YES;
				CLANG_ANALYZER_NONNULL = YES;
				CLANG_ANALYZER_NUMBER_OBJECT_CONVERSION = YES_AGGRESSIVE;
				CLANG_CXX_LANGUAGE_STANDARD = "gnu++20";
				CLANG_ENABLE_MODULES = YES;
				CLANG_ENABLE_OBJC_ARC = YES;
				CLANG_ENABLE_OBJC_WEAK = YES;
				CLANG_WARN_BLOCK_CAPTURE_AUTORELEASING = YES;
				CLANG_WARN_BOOL_CONVERSION = YES;
				CLANG_WARN_COMMA = YES;
				CLANG_WARN_CONSTANT_CONVERSION = YES;
				CLANG_WARN_DEPRECATED_OBJC_IMPLEMENTATIONS = YES;
				CLANG_WARN_DIRECT_OBJC_ISA_USAGE = YES_ERROR;
				CLANG_WARN_DOCUMENTATION_COMMENTS = YES;
				CLANG_WARN_EMPTY_BODY = YES;
				CLANG_WARN_ENUM_CONVERSION = YES;
				CLANG_WARN_INFINITE_RECURSION = YES;
				CLANG_WARN_INT_CONVERSION = YES;
				CLANG_WARN_NON_LITERAL_NULL_CONVERSION = YES;
				CLANG_WARN_OBJC_IMPLICIT_RETAIN_SELF = YES;
				CLANG_WARN_OBJC_LITERAL_CONVERSION = YES;
				CLANG_WARN_OBJC_ROOT_CLASS = YES_ERROR;
				CLANG_WARN_QUOTED_INCLUDE_IN_FRAMEWORK_HEADER = YES;
				CLANG_WARN_RANGE_LOOP_ANALYSIS = YES;
				CLANG_WARN_STRICT_PROTOTYPES = YES;
				CLANG_WARN_SUSPICIOUS_MOVE = YES;
				CLANG_WARN_UNGUARDED_AVAILABILITY = YES_AGGRESSIVE;
				CLANG_WARN_UNREACHABLE_CODE = YES;
				CLANG_WARN__DUPLICATE_METHOD_MATCH = YES;
				COPY_PHASE_STRIP = NO;
				DEBUG_INFORMATION_FORMAT = "dwarf-with-dsym";
				ENABLE_NS_ASSERTIONS = NO;
				ENABLE_STRICT_OBJC_MSGSEND = YES;
				ENABLE_USER_SCRIPT_SANDBOXING = YES;
				GCC_C_LANGUAGE_STANDARD = gnu17;
				GCC_NO_COMMON_BLOCKS = YES;
				GCC_WARN_64_TO_32_BIT_CONVERSION = YES;
				GCC_WARN_ABOUT_RETURN_TYPE = YES_ERROR;
				GCC_WARN_UNDECLARED_SELECTOR = YES;
				GCC_WARN_UNINITIALIZED_AUTOS = YES_AGGRESSIVE;
				GCC_WARN_UNUSED_FUNCTION = YES;
				GCC_WARN_UNUSED_VARIABLE = YES;
				IPHONEOS_DEPLOYMENT_TARGET = 15.0;
				LOCALIZATION_PREFERS_STRING_CATALOGS = YES;
				MTL_ENABLE_DEBUG_INFO = NO;
				MTL_FAST_MATH = YES;
				SDKROOT = iphoneos;
				SWIFT_COMPILATION_MODE = wholemodule;
				VALIDATE_PRODUCT = YES;
			};
			name = Release;
		};
		CCAF60062C6CE01200219873 /* Debug */ = {
			isa = XCBuildConfiguration;
			buildSettings = {
				ASSETCATALOG_COMPILER_APPICON_NAME = AppIcon;
				ASSETCATALOG_COMPILER_GLOBAL_ACCENT_COLOR_NAME = AccentColor;
				CODE_SIGN_STYLE = Automatic;
				CURRENT_PROJECT_VERSION = 1;
				DEVELOPMENT_TEAM = YWNQ4RZBTS;
				GENERATE_INFOPLIST_FILE = YES;
				INFOPLIST_FILE = Clchin/Info.plist;
				INFOPLIST_KEY_CFBundleDisplayName = "클친";
				INFOPLIST_KEY_UIApplicationSupportsIndirectInputEvents = YES;
				INFOPLIST_KEY_UILaunchStoryboardName = LaunchScreen;
				INFOPLIST_KEY_UISupportedInterfaceOrientations = UIInterfaceOrientationPortrait;
				INFOPLIST_KEY_UISupportedInterfaceOrientations_iPad = UIInterfaceOrientationPortrait;
				IPHONEOS_DEPLOYMENT_TARGET = 15.0;
				LD_RUNPATH_SEARCH_PATHS = (
					"$(inherited)",
					"@executable_path/Frameworks",
				);
				MARKETING_VERSION = 1.0;
				PRODUCT_BUNDLE_IDENTIFIER = com.jinyoo.sesac.Clchin;
				PRODUCT_NAME = "$(TARGET_NAME)";
				SUPPORTED_PLATFORMS = "iphoneos iphonesimulator";
				SUPPORTS_MACCATALYST = NO;
				SUPPORTS_MAC_DESIGNED_FOR_IPHONE_IPAD = NO;
				SUPPORTS_XR_DESIGNED_FOR_IPHONE_IPAD = NO;
				SWIFT_EMIT_LOC_STRINGS = YES;
				SWIFT_VERSION = 5.0;
				TARGETED_DEVICE_FAMILY = 1;
			};
			name = Debug;
		};
		CCAF60072C6CE01200219873 /* Release */ = {
			isa = XCBuildConfiguration;
			buildSettings = {
				ASSETCATALOG_COMPILER_APPICON_NAME = AppIcon;
				ASSETCATALOG_COMPILER_GLOBAL_ACCENT_COLOR_NAME = AccentColor;
				CODE_SIGN_STYLE = Automatic;
				CURRENT_PROJECT_VERSION = 1;
				DEVELOPMENT_TEAM = YWNQ4RZBTS;
				GENERATE_INFOPLIST_FILE = YES;
				INFOPLIST_FILE = Clchin/Info.plist;
				INFOPLIST_KEY_CFBundleDisplayName = "클친";
				INFOPLIST_KEY_UIApplicationSupportsIndirectInputEvents = YES;
				INFOPLIST_KEY_UILaunchStoryboardName = LaunchScreen;
				INFOPLIST_KEY_UISupportedInterfaceOrientations = UIInterfaceOrientationPortrait;
				INFOPLIST_KEY_UISupportedInterfaceOrientations_iPad = UIInterfaceOrientationPortrait;
				IPHONEOS_DEPLOYMENT_TARGET = 15.0;
				LD_RUNPATH_SEARCH_PATHS = (
					"$(inherited)",
					"@executable_path/Frameworks",
				);
				MARKETING_VERSION = 1.0;
				PRODUCT_BUNDLE_IDENTIFIER = com.jinyoo.sesac.Clchin;
				PRODUCT_NAME = "$(TARGET_NAME)";
				SUPPORTED_PLATFORMS = "iphoneos iphonesimulator";
				SUPPORTS_MACCATALYST = NO;
				SUPPORTS_MAC_DESIGNED_FOR_IPHONE_IPAD = NO;
				SUPPORTS_XR_DESIGNED_FOR_IPHONE_IPAD = NO;
				SWIFT_EMIT_LOC_STRINGS = YES;
				SWIFT_VERSION = 5.0;
				TARGETED_DEVICE_FAMILY = 1;
			};
			name = Release;
		};
/* End XCBuildConfiguration section */

/* Begin XCConfigurationList section */
		CCAF5FEC2C6CE01100219873 /* Build configuration list for PBXProject "Clchin" */ = {
			isa = XCConfigurationList;
			buildConfigurations = (
				CCAF60032C6CE01200219873 /* Debug */,
				CCAF60042C6CE01200219873 /* Release */,
			);
			defaultConfigurationIsVisible = 0;
			defaultConfigurationName = Release;
		};
		CCAF60052C6CE01200219873 /* Build configuration list for PBXNativeTarget "Clchin" */ = {
			isa = XCConfigurationList;
			buildConfigurations = (
				CCAF60062C6CE01200219873 /* Debug */,
				CCAF60072C6CE01200219873 /* Release */,
			);
			defaultConfigurationIsVisible = 0;
			defaultConfigurationName = Release;
		};
/* End XCConfigurationList section */

/* Begin XCRemoteSwiftPackageReference section */
		CCAF60082C6CE13100219873 /* XCRemoteSwiftPackageReference "ios-places-sdk" */ = {
			isa = XCRemoteSwiftPackageReference;
			repositoryURL = "https://github.com/googlemaps/ios-places-sdk";
			requirement = {
				kind = upToNextMajorVersion;
				minimumVersion = 9.0.0;
			};
		};
		CCAF600B2C6CE18600219873 /* XCRemoteSwiftPackageReference "NMapsMap-SwiftPM" */ = {
			isa = XCRemoteSwiftPackageReference;
			repositoryURL = "https://github.com/stleamist/NMapsMap-SwiftPM.git";
			requirement = {
				kind = exactVersion;
				version = 3.11.0;
			};
		};
		CCAF600E2C6CE24800219873 /* XCRemoteSwiftPackageReference "Moya" */ = {
			isa = XCRemoteSwiftPackageReference;
			repositoryURL = "https://github.com/Moya/Moya.git";
			requirement = {
				kind = upToNextMajorVersion;
				minimumVersion = 15.0.3;
			};
		};
		CCAF60132C6CE26D00219873 /* XCRemoteSwiftPackageReference "RxSwift" */ = {
			isa = XCRemoteSwiftPackageReference;
			repositoryURL = "https://github.com/ReactiveX/RxSwift.git";
			requirement = {
				kind = upToNextMajorVersion;
				minimumVersion = 6.7.1;
			};
		};
		CCAF60162C6CE28300219873 /* XCRemoteSwiftPackageReference "Kingfisher" */ = {
			isa = XCRemoteSwiftPackageReference;
			repositoryURL = "https://github.com/onevcat/Kingfisher";
			requirement = {
				kind = upToNextMajorVersion;
				minimumVersion = 7.12.0;
			};
		};
		CCAF60192C6CE2A300219873 /* XCRemoteSwiftPackageReference "SnapKit" */ = {
			isa = XCRemoteSwiftPackageReference;
			repositoryURL = "https://github.com/SnapKit/SnapKit.git";
			requirement = {
				kind = upToNextMajorVersion;
				minimumVersion = 5.7.1;
			};
		};
		CCAF601C2C6CE2F300219873 /* XCRemoteSwiftPackageReference "Then" */ = {
			isa = XCRemoteSwiftPackageReference;
			repositoryURL = "https://github.com/devxoul/Then.git";
			requirement = {
				kind = upToNextMajorVersion;
				minimumVersion = 3.0.0;
			};
		};
		CCAF602C2C6DD49700219873 /* XCRemoteSwiftPackageReference "RxGesture" */ = {
			isa = XCRemoteSwiftPackageReference;
			repositoryURL = "https://github.com/RxSwiftCommunity/RxGesture.git";
			requirement = {
				kind = upToNextMajorVersion;
				minimumVersion = 4.0.4;
			};
		};
		CCAF604B2C6E190400219873 /* XCRemoteSwiftPackageReference "Cosmos" */ = {
			isa = XCRemoteSwiftPackageReference;
			repositoryURL = "https://github.com/evgenyneu/Cosmos.git";
			requirement = {
				kind = upToNextMajorVersion;
				minimumVersion = 25.0.1;
			};
		};
		CCAF60752C7078DE00219873 /* XCRemoteSwiftPackageReference "RxCoreLocation" */ = {
			isa = XCRemoteSwiftPackageReference;
			repositoryURL = "https://github.com/RxSwiftCommunity/RxCoreLocation.git";
			requirement = {
				kind = upToNextMajorVersion;
				minimumVersion = 1.5.1;
			};
		};
/* End XCRemoteSwiftPackageReference section */

/* Begin XCSwiftPackageProductDependency section */
		CCAF60092C6CE13100219873 /* GooglePlaces */ = {
			isa = XCSwiftPackageProductDependency;
			package = CCAF60082C6CE13100219873 /* XCRemoteSwiftPackageReference "ios-places-sdk" */;
			productName = GooglePlaces;
		};
		CCAF600F2C6CE24800219873 /* Moya */ = {
			isa = XCSwiftPackageProductDependency;
			package = CCAF600E2C6CE24800219873 /* XCRemoteSwiftPackageReference "Moya" */;
			productName = Moya;
		};
		CCAF60112C6CE24800219873 /* RxMoya */ = {
			isa = XCSwiftPackageProductDependency;
			package = CCAF600E2C6CE24800219873 /* XCRemoteSwiftPackageReference "Moya" */;
			productName = RxMoya;
		};
		CCAF60142C6CE26D00219873 /* RxCocoa */ = {
			isa = XCSwiftPackageProductDependency;
			package = CCAF60132C6CE26D00219873 /* XCRemoteSwiftPackageReference "RxSwift" */;
			productName = RxCocoa;
		};
		CCAF60172C6CE28300219873 /* Kingfisher */ = {
			isa = XCSwiftPackageProductDependency;
			package = CCAF60162C6CE28300219873 /* XCRemoteSwiftPackageReference "Kingfisher" */;
			productName = Kingfisher;
		};
		CCAF601A2C6CE2A300219873 /* SnapKit */ = {
			isa = XCSwiftPackageProductDependency;
			package = CCAF60192C6CE2A300219873 /* XCRemoteSwiftPackageReference "SnapKit" */;
			productName = SnapKit;
		};
		CCAF601D2C6CE2F300219873 /* Then */ = {
			isa = XCSwiftPackageProductDependency;
			package = CCAF601C2C6CE2F300219873 /* XCRemoteSwiftPackageReference "Then" */;
			productName = Then;
		};
		CCAF60272C6CFECC00219873 /* NMapsMap */ = {
			isa = XCSwiftPackageProductDependency;
			package = CCAF600B2C6CE18600219873 /* XCRemoteSwiftPackageReference "NMapsMap-SwiftPM" */;
			productName = NMapsMap;
		};
		CCAF602D2C6DD49700219873 /* RxGesture */ = {
			isa = XCSwiftPackageProductDependency;
			package = CCAF602C2C6DD49700219873 /* XCRemoteSwiftPackageReference "RxGesture" */;
			productName = RxGesture;
		};
		CCAF604C2C6E190400219873 /* Cosmos */ = {
			isa = XCSwiftPackageProductDependency;
			package = CCAF604B2C6E190400219873 /* XCRemoteSwiftPackageReference "Cosmos" */;
			productName = Cosmos;
		};
		CCAF60762C7078DE00219873 /* RxCoreLocation */ = {
			isa = XCSwiftPackageProductDependency;
			package = CCAF60752C7078DE00219873 /* XCRemoteSwiftPackageReference "RxCoreLocation" */;
			productName = RxCoreLocation;
		};
/* End XCSwiftPackageProductDependency section */
	};
	rootObject = CCAF5FE92C6CE01100219873 /* Project object */;
}
