// !$*UTF8*$!
{
	archiveVersion = 1;
	classes = {
	};
	objectVersion = 56;
	objects = {

/* Begin PBXBuildFile section */
		CCAF5FF52C6CE01100219873 /* AppDelegate.swift in Sources */ = {isa = PBXBuildFile; fileRef = CCAF5FF42C6CE01100219873 /* AppDelegate.swift */; };
		CCAF5FF72C6CE01100219873 /* SceneDelegate.swift in Sources */ = {isa = PBXBuildFile; fileRef = CCAF5FF62C6CE01100219873 /* SceneDelegate.swift */; };
		CCAF5FF92C6CE01100219873 /* ViewController.swift in Sources */ = {isa = PBXBuildFile; fileRef = CCAF5FF82C6CE01100219873 /* ViewController.swift */; };
		CCAF5FFE2C6CE01200219873 /* Assets.xcassets in Resources */ = {isa = PBXBuildFile; fileRef = CCAF5FFD2C6CE01200219873 /* Assets.xcassets */; };
		CCAF60012C6CE01200219873 /* Base in Resources */ = {isa = PBXBuildFile; fileRef = CCAF60002C6CE01200219873 /* Base */; };
		CCAF600A2C6CE13100219873 /* GooglePlaces in Frameworks */ = {isa = PBXBuildFile; productRef = CCAF60092C6CE13100219873 /* GooglePlaces */; };
		CCAF600D2C6CE18600219873 /* NMapsMap in Frameworks */ = {isa = PBXBuildFile; productRef = CCAF600C2C6CE18600219873 /* NMapsMap */; };
		CCAF60102C6CE24800219873 /* Moya in Frameworks */ = {isa = PBXBuildFile; productRef = CCAF600F2C6CE24800219873 /* Moya */; };
		CCAF60122C6CE24800219873 /* RxMoya in Frameworks */ = {isa = PBXBuildFile; productRef = CCAF60112C6CE24800219873 /* RxMoya */; };
		CCAF60152C6CE26D00219873 /* RxCocoa in Frameworks */ = {isa = PBXBuildFile; productRef = CCAF60142C6CE26D00219873 /* RxCocoa */; };
		CCAF60182C6CE28300219873 /* Kingfisher in Frameworks */ = {isa = PBXBuildFile; productRef = CCAF60172C6CE28300219873 /* Kingfisher */; };
		CCAF601B2C6CE2A300219873 /* SnapKit in Frameworks */ = {isa = PBXBuildFile; productRef = CCAF601A2C6CE2A300219873 /* SnapKit */; };
		CCAF601E2C6CE2F300219873 /* Then in Frameworks */ = {isa = PBXBuildFile; productRef = CCAF601D2C6CE2F300219873 /* Then */; };
/* End PBXBuildFile section */

/* Begin PBXFileReference section */
		CCAF5FF12C6CE01100219873 /* Clchin.app */ = {isa = PBXFileReference; explicitFileType = wrapper.application; includeInIndex = 0; path = Clchin.app; sourceTree = BUILT_PRODUCTS_DIR; };
		CCAF5FF42C6CE01100219873 /* AppDelegate.swift */ = {isa = PBXFileReference; lastKnownFileType = sourcecode.swift; path = AppDelegate.swift; sourceTree = "<group>"; };
		CCAF5FF62C6CE01100219873 /* SceneDelegate.swift */ = {isa = PBXFileReference; lastKnownFileType = sourcecode.swift; path = SceneDelegate.swift; sourceTree = "<group>"; };
		CCAF5FF82C6CE01100219873 /* ViewController.swift */ = {isa = PBXFileReference; lastKnownFileType = sourcecode.swift; path = ViewController.swift; sourceTree = "<group>"; };
		CCAF5FFD2C6CE01200219873 /* Assets.xcassets */ = {isa = PBXFileReference; lastKnownFileType = folder.assetcatalog; path = Assets.xcassets; sourceTree = "<group>"; };
		CCAF60002C6CE01200219873 /* Base */ = {isa = PBXFileReference; lastKnownFileType = file.storyboard; name = Base; path = Base.lproj/LaunchScreen.storyboard; sourceTree = "<group>"; };
		CCAF60022C6CE01200219873 /* Info.plist */ = {isa = PBXFileReference; lastKnownFileType = text.plist.xml; path = Info.plist; sourceTree = "<group>"; };
/* End PBXFileReference section */

/* Begin PBXFrameworksBuildPhase section */
		CCAF5FEE2C6CE01100219873 /* Frameworks */ = {
			isa = PBXFrameworksBuildPhase;
			buildActionMask = 2147483647;
			files = (
				CCAF60182C6CE28300219873 /* Kingfisher in Frameworks */,
				CCAF600A2C6CE13100219873 /* GooglePlaces in Frameworks */,
				CCAF600D2C6CE18600219873 /* NMapsMap in Frameworks */,
				CCAF601E2C6CE2F300219873 /* Then in Frameworks */,
				CCAF601B2C6CE2A300219873 /* SnapKit in Frameworks */,
				CCAF60152C6CE26D00219873 /* RxCocoa in Frameworks */,
				CCAF60122C6CE24800219873 /* RxMoya in Frameworks */,
				CCAF60102C6CE24800219873 /* Moya in Frameworks */,
			);
			runOnlyForDeploymentPostprocessing = 0;
		};
/* End PBXFrameworksBuildPhase section */

/* Begin PBXGroup section */
		CCAF5FE82C6CE01100219873 = {
			isa = PBXGroup;
			children = (
				CCAF5FF32C6CE01100219873 /* Clchin */,
				CCAF5FF22C6CE01100219873 /* Products */,
			);
			sourceTree = "<group>";
		};
		CCAF5FF22C6CE01100219873 /* Products */ = {
			isa = PBXGroup;
			children = (
				CCAF5FF12C6CE01100219873 /* Clchin.app */,
			);
			name = Products;
			sourceTree = "<group>";
		};
		CCAF5FF32C6CE01100219873 /* Clchin */ = {
			isa = PBXGroup;
			children = (
				CCAF5FF42C6CE01100219873 /* AppDelegate.swift */,
				CCAF5FF62C6CE01100219873 /* SceneDelegate.swift */,
				CCAF5FF82C6CE01100219873 /* ViewController.swift */,
				CCAF5FFD2C6CE01200219873 /* Assets.xcassets */,
				CCAF5FFF2C6CE01200219873 /* LaunchScreen.storyboard */,
				CCAF60022C6CE01200219873 /* Info.plist */,
			);
			path = Clchin;
			sourceTree = "<group>";
		};
/* End PBXGroup section */

/* Begin PBXNativeTarget section */
		CCAF5FF02C6CE01100219873 /* Clchin */ = {
			isa = PBXNativeTarget;
			buildConfigurationList = CCAF60052C6CE01200219873 /* Build configuration list for PBXNativeTarget "Clchin" */;
			buildPhases = (
				CCAF5FED2C6CE01100219873 /* Sources */,
				CCAF5FEE2C6CE01100219873 /* Frameworks */,
				CCAF5FEF2C6CE01100219873 /* Resources */,
			);
			buildRules = (
			);
			dependencies = (
			);
			name = Clchin;
			packageProductDependencies = (
				CCAF60092C6CE13100219873 /* GooglePlaces */,
				CCAF600C2C6CE18600219873 /* NMapsMap */,
				CCAF600F2C6CE24800219873 /* Moya */,
				CCAF60112C6CE24800219873 /* RxMoya */,
				CCAF60142C6CE26D00219873 /* RxCocoa */,
				CCAF60172C6CE28300219873 /* Kingfisher */,
				CCAF601A2C6CE2A300219873 /* SnapKit */,
				CCAF601D2C6CE2F300219873 /* Then */,
			);
			productName = Clchin;
			productReference = CCAF5FF12C6CE01100219873 /* Clchin.app */;
			productType = "com.apple.product-type.application";
		};
/* End PBXNativeTarget section */

/* Begin PBXProject section */
		CCAF5FE92C6CE01100219873 /* Project object */ = {
			isa = PBXProject;
			attributes = {
				BuildIndependentTargetsInParallel = 1;
				LastSwiftUpdateCheck = 1540;
				LastUpgradeCheck = 1540;
				TargetAttributes = {
					CCAF5FF02C6CE01100219873 = {
						CreatedOnToolsVersion = 15.4;
					};
				};
			};
			buildConfigurationList = CCAF5FEC2C6CE01100219873 /* Build configuration list for PBXProject "Clchin" */;
			compatibilityVersion = "Xcode 14.0";
			developmentRegion = en;
			hasScannedForEncodings = 0;
			knownRegions = (
				en,
				Base,
			);
			mainGroup = CCAF5FE82C6CE01100219873;
			packageReferences = (
				CCAF60082C6CE13100219873 /* XCRemoteSwiftPackageReference "ios-places-sdk" */,
				CCAF600B2C6CE18600219873 /* XCRemoteSwiftPackageReference "NMapsMap-SwiftPM" */,
				CCAF600E2C6CE24800219873 /* XCRemoteSwiftPackageReference "Moya" */,
				CCAF60132C6CE26D00219873 /* XCRemoteSwiftPackageReference "RxSwift" */,
				CCAF60162C6CE28300219873 /* XCRemoteSwiftPackageReference "Kingfisher" */,
				CCAF60192C6CE2A300219873 /* XCRemoteSwiftPackageReference "SnapKit" */,
				CCAF601C2C6CE2F300219873 /* XCRemoteSwiftPackageReference "Then" */,
			);
			productRefGroup = CCAF5FF22C6CE01100219873 /* Products */;
			projectDirPath = "";
			projectRoot = "";
			targets = (
				CCAF5FF02C6CE01100219873 /* Clchin */,
			);
		};
/* End PBXProject section */

/* Begin PBXResourcesBuildPhase section */
		CCAF5FEF2C6CE01100219873 /* Resources */ = {
			isa = PBXResourcesBuildPhase;
			buildActionMask = 2147483647;
			files = (
				CCAF5FFE2C6CE01200219873 /* Assets.xcassets in Resources */,
				CCAF60012C6CE01200219873 /* Base in Resources */,
			);
			runOnlyForDeploymentPostprocessing = 0;
		};
/* End PBXResourcesBuildPhase section */

/* Begin PBXSourcesBuildPhase section */
		CCAF5FED2C6CE01100219873 /* Sources */ = {
			isa = PBXSourcesBuildPhase;
			buildActionMask = 2147483647;
			files = (
				CCAF5FF92C6CE01100219873 /* ViewController.swift in Sources */,
				CCAF5FF52C6CE01100219873 /* AppDelegate.swift in Sources */,
				CCAF5FF72C6CE01100219873 /* SceneDelegate.swift in Sources */,
			);
			runOnlyForDeploymentPostprocessing = 0;
		};
/* End PBXSourcesBuildPhase section */

/* Begin PBXVariantGroup section */
		CCAF5FFF2C6CE01200219873 /* LaunchScreen.storyboard */ = {
			isa = PBXVariantGroup;
			children = (
				CCAF60002C6CE01200219873 /* Base */,
			);
			name = LaunchScreen.storyboard;
			sourceTree = "<group>";
		};
/* End PBXVariantGroup section */

/* Begin XCBuildConfiguration section */
		CCAF60032C6CE01200219873 /* Debug */ = {
			isa = XCBuildConfiguration;
			buildSettings = {
				ALWAYS_SEARCH_USER_PATHS = NO;
				ASSETCATALOG_COMPILER_GENERATE_SWIFT_ASSET_SYMBOL_EXTENSIONS = YES;
				CLANG_ANALYZER_NONNULL = YES;
				CLANG_ANALYZER_NUMBER_OBJECT_CONVERSION = YES_AGGRESSIVE;
				CLANG_CXX_LANGUAGE_STANDARD = "gnu++20";
				CLANG_ENABLE_MODULES = YES;
				CLANG_ENABLE_OBJC_ARC = YES;
				CLANG_ENABLE_OBJC_WEAK = YES;
				CLANG_WARN_BLOCK_CAPTURE_AUTORELEASING = YES;
				CLANG_WARN_BOOL_CONVERSION = YES;
				CLANG_WARN_COMMA = YES;
				CLANG_WARN_CONSTANT_CONVERSION = YES;
				CLANG_WARN_DEPRECATED_OBJC_IMPLEMENTATIONS = YES;
				CLANG_WARN_DIRECT_OBJC_ISA_USAGE = YES_ERROR;
				CLANG_WARN_DOCUMENTATION_COMMENTS = YES;
				CLANG_WARN_EMPTY_BODY = YES;
				CLANG_WARN_ENUM_CONVERSION = YES;
				CLANG_WARN_INFINITE_RECURSION = YES;
				CLANG_WARN_INT_CONVERSION = YES;
				CLANG_WARN_NON_LITERAL_NULL_CONVERSION = YES;
				CLANG_WARN_OBJC_IMPLICIT_RETAIN_SELF = YES;
				CLANG_WARN_OBJC_LITERAL_CONVERSION = YES;
				CLANG_WARN_OBJC_ROOT_CLASS = YES_ERROR;
				CLANG_WARN_QUOTED_INCLUDE_IN_FRAMEWORK_HEADER = YES;
				CLANG_WARN_RANGE_LOOP_ANALYSIS = YES;
				CLANG_WARN_STRICT_PROTOTYPES = YES;
				CLANG_WARN_SUSPICIOUS_MOVE = YES;
				CLANG_WARN_UNGUARDED_AVAILABILITY = YES_AGGRESSIVE;
				CLANG_WARN_UNREACHABLE_CODE = YES;
				CLANG_WARN__DUPLICATE_METHOD_MATCH = YES;
				COPY_PHASE_STRIP = NO;
				DEBUG_INFORMATION_FORMAT = dwarf;
				ENABLE_STRICT_OBJC_MSGSEND = YES;
				ENABLE_TESTABILITY = YES;
				ENABLE_USER_SCRIPT_SANDBOXING = YES;
				GCC_C_LANGUAGE_STANDARD = gnu17;
				GCC_DYNAMIC_NO_PIC = NO;
				GCC_NO_COMMON_BLOCKS = YES;
				GCC_OPTIMIZATION_LEVEL = 0;
				GCC_PREPROCESSOR_DEFINITIONS = (
					"DEBUG=1",
					"$(inherited)",
				);
				GCC_WARN_64_TO_32_BIT_CONVERSION = YES;
				GCC_WARN_ABOUT_RETURN_TYPE = YES_ERROR;
				GCC_WARN_UNDECLARED_SELECTOR = YES;
				GCC_WARN_UNINITIALIZED_AUTOS = YES_AGGRESSIVE;
				GCC_WARN_UNUSED_FUNCTION = YES;
				GCC_WARN_UNUSED_VARIABLE = YES;
				IPHONEOS_DEPLOYMENT_TARGET = 15.0;
				LOCALIZATION_PREFERS_STRING_CATALOGS = YES;
				MTL_ENABLE_DEBUG_INFO = INCLUDE_SOURCE;
				MTL_FAST_MATH = YES;
				ONLY_ACTIVE_ARCH = YES;
				SDKROOT = iphoneos;
				SWIFT_ACTIVE_COMPILATION_CONDITIONS = "DEBUG $(inherited)";
				SWIFT_OPTIMIZATION_LEVEL = "-Onone";
			};
			name = Debug;
		};
		CCAF60042C6CE01200219873 /* Release */ = {
			isa = XCBuildConfiguration;
			buildSettings = {
				ALWAYS_SEARCH_USER_PATHS = NO;
				ASSETCATALOG_COMPILER_GENERATE_SWIFT_ASSET_SYMBOL_EXTENSIONS = YES;
				CLANG_ANALYZER_NONNULL = YES;
				CLANG_ANALYZER_NUMBER_OBJECT_CONVERSION = YES_AGGRESSIVE;
				CLANG_CXX_LANGUAGE_STANDARD = "gnu++20";
				CLANG_ENABLE_MODULES = YES;
				CLANG_ENABLE_OBJC_ARC = YES;
				CLANG_ENABLE_OBJC_WEAK = YES;
				CLANG_WARN_BLOCK_CAPTURE_AUTORELEASING = YES;
				CLANG_WARN_BOOL_CONVERSION = YES;
				CLANG_WARN_COMMA = YES;
				CLANG_WARN_CONSTANT_CONVERSION = YES;
				CLANG_WARN_DEPRECATED_OBJC_IMPLEMENTATIONS = YES;
				CLANG_WARN_DIRECT_OBJC_ISA_USAGE = YES_ERROR;
				CLANG_WARN_DOCUMENTATION_COMMENTS = YES;
				CLANG_WARN_EMPTY_BODY = YES;
				CLANG_WARN_ENUM_CONVERSION = YES;
				CLANG_WARN_INFINITE_RECURSION = YES;
				CLANG_WARN_INT_CONVERSION = YES;
				CLANG_WARN_NON_LITERAL_NULL_CONVERSION = YES;
				CLANG_WARN_OBJC_IMPLICIT_RETAIN_SELF = YES;
				CLANG_WARN_OBJC_LITERAL_CONVERSION = YES;
				CLANG_WARN_OBJC_ROOT_CLASS = YES_ERROR;
				CLANG_WARN_QUOTED_INCLUDE_IN_FRAMEWORK_HEADER = YES;
				CLANG_WARN_RANGE_LOOP_ANALYSIS = YES;
				CLANG_WARN_STRICT_PROTOTYPES = YES;
				CLANG_WARN_SUSPICIOUS_MOVE = YES;
				CLANG_WARN_UNGUARDED_AVAILABILITY = YES_AGGRESSIVE;
				CLANG_WARN_UNREACHABLE_CODE = YES;
				CLANG_WARN__DUPLICATE_METHOD_MATCH = YES;
				COPY_PHASE_STRIP = NO;
				DEBUG_INFORMATION_FORMAT = "dwarf-with-dsym";
				ENABLE_NS_ASSERTIONS = NO;
				ENABLE_STRICT_OBJC_MSGSEND = YES;
				ENABLE_USER_SCRIPT_SANDBOXING = YES;
				GCC_C_LANGUAGE_STANDARD = gnu17;
				GCC_NO_COMMON_BLOCKS = YES;
				GCC_WARN_64_TO_32_BIT_CONVERSION = YES;
				GCC_WARN_ABOUT_RETURN_TYPE = YES_ERROR;
				GCC_WARN_UNDECLARED_SELECTOR = YES;
				GCC_WARN_UNINITIALIZED_AUTOS = YES_AGGRESSIVE;
				GCC_WARN_UNUSED_FUNCTION = YES;
				GCC_WARN_UNUSED_VARIABLE = YES;
				IPHONEOS_DEPLOYMENT_TARGET = 15.0;
				LOCALIZATION_PREFERS_STRING_CATALOGS = YES;
				MTL_ENABLE_DEBUG_INFO = NO;
				MTL_FAST_MATH = YES;
				SDKROOT = iphoneos;
				SWIFT_COMPILATION_MODE = wholemodule;
				VALIDATE_PRODUCT = YES;
			};
			name = Release;
		};
		CCAF60062C6CE01200219873 /* Debug */ = {
			isa = XCBuildConfiguration;
			buildSettings = {
				ASSETCATALOG_COMPILER_APPICON_NAME = AppIcon;
				ASSETCATALOG_COMPILER_GLOBAL_ACCENT_COLOR_NAME = AccentColor;
				CODE_SIGN_STYLE = Automatic;
				CURRENT_PROJECT_VERSION = 1;
				DEVELOPMENT_TEAM = YWNQ4RZBTS;
				GENERATE_INFOPLIST_FILE = YES;
				INFOPLIST_FILE = Clchin/Info.plist;
				INFOPLIST_KEY_CFBundleDisplayName = "클친";
				INFOPLIST_KEY_UIApplicationSupportsIndirectInputEvents = YES;
				INFOPLIST_KEY_UILaunchStoryboardName = LaunchScreen;
				INFOPLIST_KEY_UISupportedInterfaceOrientations = UIInterfaceOrientationPortrait;
				INFOPLIST_KEY_UISupportedInterfaceOrientations_iPad = UIInterfaceOrientationPortrait;
				IPHONEOS_DEPLOYMENT_TARGET = 15.0;
				LD_RUNPATH_SEARCH_PATHS = (
					"$(inherited)",
					"@executable_path/Frameworks",
				);
				MARKETING_VERSION = 1.0;
				PRODUCT_BUNDLE_IDENTIFIER = com.jinyoo.sesac.Clchin;
				PRODUCT_NAME = "$(TARGET_NAME)";
				SUPPORTED_PLATFORMS = "iphoneos iphonesimulator";
				SUPPORTS_MACCATALYST = NO;
				SUPPORTS_MAC_DESIGNED_FOR_IPHONE_IPAD = NO;
				SUPPORTS_XR_DESIGNED_FOR_IPHONE_IPAD = NO;
				SWIFT_EMIT_LOC_STRINGS = YES;
				SWIFT_VERSION = 5.0;
				TARGETED_DEVICE_FAMILY = 1;
			};
			name = Debug;
		};
		CCAF60072C6CE01200219873 /* Release */ = {
			isa = XCBuildConfiguration;
			buildSettings = {
				ASSETCATALOG_COMPILER_APPICON_NAME = AppIcon;
				ASSETCATALOG_COMPILER_GLOBAL_ACCENT_COLOR_NAME = AccentColor;
				CODE_SIGN_STYLE = Automatic;
				CURRENT_PROJECT_VERSION = 1;
				DEVELOPMENT_TEAM = YWNQ4RZBTS;
				GENERATE_INFOPLIST_FILE = YES;
				INFOPLIST_FILE = Clchin/Info.plist;
				INFOPLIST_KEY_CFBundleDisplayName = "클친";
				INFOPLIST_KEY_UIApplicationSupportsIndirectInputEvents = YES;
				INFOPLIST_KEY_UILaunchStoryboardName = LaunchScreen;
				INFOPLIST_KEY_UISupportedInterfaceOrientations = UIInterfaceOrientationPortrait;
				INFOPLIST_KEY_UISupportedInterfaceOrientations_iPad = UIInterfaceOrientationPortrait;
				IPHONEOS_DEPLOYMENT_TARGET = 15.0;
				LD_RUNPATH_SEARCH_PATHS = (
					"$(inherited)",
					"@executable_path/Frameworks",
				);
				MARKETING_VERSION = 1.0;
				PRODUCT_BUNDLE_IDENTIFIER = com.jinyoo.sesac.Clchin;
				PRODUCT_NAME = "$(TARGET_NAME)";
				SUPPORTED_PLATFORMS = "iphoneos iphonesimulator";
				SUPPORTS_MACCATALYST = NO;
				SUPPORTS_MAC_DESIGNED_FOR_IPHONE_IPAD = NO;
				SUPPORTS_XR_DESIGNED_FOR_IPHONE_IPAD = NO;
				SWIFT_EMIT_LOC_STRINGS = YES;
				SWIFT_VERSION = 5.0;
				TARGETED_DEVICE_FAMILY = 1;
			};
			name = Release;
		};
/* End XCBuildConfiguration section */

/* Begin XCConfigurationList section */
		CCAF5FEC2C6CE01100219873 /* Build configuration list for PBXProject "Clchin" */ = {
			isa = XCConfigurationList;
			buildConfigurations = (
				CCAF60032C6CE01200219873 /* Debug */,
				CCAF60042C6CE01200219873 /* Release */,
			);
			defaultConfigurationIsVisible = 0;
			defaultConfigurationName = Release;
		};
		CCAF60052C6CE01200219873 /* Build configuration list for PBXNativeTarget "Clchin" */ = {
			isa = XCConfigurationList;
			buildConfigurations = (
				CCAF60062C6CE01200219873 /* Debug */,
				CCAF60072C6CE01200219873 /* Release */,
			);
			defaultConfigurationIsVisible = 0;
			defaultConfigurationName = Release;
		};
/* End XCConfigurationList section */

/* Begin XCRemoteSwiftPackageReference section */
		CCAF60082C6CE13100219873 /* XCRemoteSwiftPackageReference "ios-places-sdk" */ = {
			isa = XCRemoteSwiftPackageReference;
			repositoryURL = "https://github.com/googlemaps/ios-places-sdk";
			requirement = {
				kind = upToNextMajorVersion;
				minimumVersion = 9.0.0;
			};
		};
		CCAF600B2C6CE18600219873 /* XCRemoteSwiftPackageReference "NMapsMap-SwiftPM" */ = {
			isa = XCRemoteSwiftPackageReference;
			repositoryURL = "https://github.com/stleamist/NMapsMap-SwiftPM.git";
			requirement = {
				kind = exactVersion;
				version = 3.11.0;
			};
		};
		CCAF600E2C6CE24800219873 /* XCRemoteSwiftPackageReference "Moya" */ = {
			isa = XCRemoteSwiftPackageReference;
			repositoryURL = "https://github.com/Moya/Moya.git";
			requirement = {
				kind = upToNextMajorVersion;
				minimumVersion = 15.0.3;
			};
		};
		CCAF60132C6CE26D00219873 /* XCRemoteSwiftPackageReference "RxSwift" */ = {
			isa = XCRemoteSwiftPackageReference;
			repositoryURL = "https://github.com/ReactiveX/RxSwift.git";
			requirement = {
				kind = upToNextMajorVersion;
				minimumVersion = 6.7.1;
			};
		};
		CCAF60162C6CE28300219873 /* XCRemoteSwiftPackageReference "Kingfisher" */ = {
			isa = XCRemoteSwiftPackageReference;
			repositoryURL = "https://github.com/onevcat/Kingfisher";
			requirement = {
				kind = upToNextMajorVersion;
				minimumVersion = 7.12.0;
			};
		};
		CCAF60192C6CE2A300219873 /* XCRemoteSwiftPackageReference "SnapKit" */ = {
			isa = XCRemoteSwiftPackageReference;
			repositoryURL = "https://github.com/SnapKit/SnapKit.git";
			requirement = {
				kind = upToNextMajorVersion;
				minimumVersion = 5.7.1;
			};
		};
		CCAF601C2C6CE2F300219873 /* XCRemoteSwiftPackageReference "Then" */ = {
			isa = XCRemoteSwiftPackageReference;
			repositoryURL = "https://github.com/devxoul/Then.git";
			requirement = {
				kind = upToNextMajorVersion;
				minimumVersion = 3.0.0;
			};
		};
/* End XCRemoteSwiftPackageReference section */

/* Begin XCSwiftPackageProductDependency section */
		CCAF60092C6CE13100219873 /* GooglePlaces */ = {
			isa = XCSwiftPackageProductDependency;
			package = CCAF60082C6CE13100219873 /* XCRemoteSwiftPackageReference "ios-places-sdk" */;
			productName = GooglePlaces;
		};
		CCAF600C2C6CE18600219873 /* NMapsMap */ = {
			isa = XCSwiftPackageProductDependency;
			package = CCAF600B2C6CE18600219873 /* XCRemoteSwiftPackageReference "NMapsMap-SwiftPM" */;
			productName = NMapsMap;
		};
		CCAF600F2C6CE24800219873 /* Moya */ = {
			isa = XCSwiftPackageProductDependency;
			package = CCAF600E2C6CE24800219873 /* XCRemoteSwiftPackageReference "Moya" */;
			productName = Moya;
		};
		CCAF60112C6CE24800219873 /* RxMoya */ = {
			isa = XCSwiftPackageProductDependency;
			package = CCAF600E2C6CE24800219873 /* XCRemoteSwiftPackageReference "Moya" */;
			productName = RxMoya;
		};
		CCAF60142C6CE26D00219873 /* RxCocoa */ = {
			isa = XCSwiftPackageProductDependency;
			package = CCAF60132C6CE26D00219873 /* XCRemoteSwiftPackageReference "RxSwift" */;
			productName = RxCocoa;
		};
		CCAF60172C6CE28300219873 /* Kingfisher */ = {
			isa = XCSwiftPackageProductDependency;
			package = CCAF60162C6CE28300219873 /* XCRemoteSwiftPackageReference "Kingfisher" */;
			productName = Kingfisher;
		};
		CCAF601A2C6CE2A300219873 /* SnapKit */ = {
			isa = XCSwiftPackageProductDependency;
			package = CCAF60192C6CE2A300219873 /* XCRemoteSwiftPackageReference "SnapKit" */;
			productName = SnapKit;
		};
		CCAF601D2C6CE2F300219873 /* Then */ = {
			isa = XCSwiftPackageProductDependency;
			package = CCAF601C2C6CE2F300219873 /* XCRemoteSwiftPackageReference "Then" */;
			productName = Then;
		};
/* End XCSwiftPackageProductDependency section */
	};
	rootObject = CCAF5FE92C6CE01100219873 /* Project object */;
}
